
Microsoft Visual Studio Solution File, Format Version 12.00
# Visual Studio Version 17
VisualStudioVersion = 17.5.002.0
MinimumVisualStudioVersion = 10.0.40219.1
Project("{2150E333-8FDC-42A3-9474-1A3956D46DE8}") = "backend", "backend", "{4DE2A85D-748D-43B8-AF1D-631B80893DEA}"
EndProject
Project("{9A19103F-16F7-4668-BE54-9A1E7A4F7556}") = "Diuna.API", "backend\Diuna.API\Diuna.API.csproj", "{14A79F03-79DD-4F5F-B07C-6DECEB1CEF5A}"
EndProject
Project("{9A19103F-16F7-4668-BE54-9A1E7A4F7556}") = "DiunaRelayControl", "backend\DiunaRelayControl\DiunaRelayControl.csproj", "{E1D962D5-9BBA-4B31-92C2-4D601FEAD678}"
EndProject
Project("{9A19103F-16F7-4668-BE54-9A1E7A4F7556}") = "Diuna.Services", "backend\Diuna.Services\Diuna.Services.csproj", "{E90C9811-D65F-415E-937D-FDFF44F88993}"
EndProject
Project("{FAE04EC0-301F-11D3-BF4B-00C04F79EFBC}") = "Diuna.Models", "Diuna.Models\Diuna.Models.csproj", "{ADEFD722-CDD7-4B2F-9147-46B21482B3BF}"
EndProject
Global
	GlobalSection(SolutionConfigurationPlatforms) = preSolution
		Debug|Any CPU = Debug|Any CPU
		Release|Any CPU = Release|Any CPU
	EndGlobalSection
	GlobalSection(ProjectConfigurationPlatforms) = postSolution
		{14A79F03-79DD-4F5F-B07C-6DECEB1CEF5A}.Debug|Any CPU.ActiveCfg = Debug|Any CPU
		{14A79F03-79DD-4F5F-B07C-6DECEB1CEF5A}.Debug|Any CPU.Build.0 = Debug|Any CPU
		{14A79F03-79DD-4F5F-B07C-6DECEB1CEF5A}.Release|Any CPU.ActiveCfg = Release|Any CPU
		{14A79F03-79DD-4F5F-B07C-6DECEB1CEF5A}.Release|Any CPU.Build.0 = Release|Any CPU
		{E1D962D5-9BBA-4B31-92C2-4D601FEAD678}.Debug|Any CPU.ActiveCfg = Debug|Any CPU
		{E1D962D5-9BBA-4B31-92C2-4D601FEAD678}.Debug|Any CPU.Build.0 = Debug|Any CPU
		{E1D962D5-9BBA-4B31-92C2-4D601FEAD678}.Release|Any CPU.ActiveCfg = Release|Any CPU
		{E1D962D5-9BBA-4B31-92C2-4D601FEAD678}.Release|Any CPU.Build.0 = Release|Any CPU
		{E90C9811-D65F-415E-937D-FDFF44F88993}.Debug|Any CPU.ActiveCfg = Debug|Any CPU
		{E90C9811-D65F-415E-937D-FDFF44F88993}.Debug|Any CPU.Build.0 = Debug|Any CPU
		{E90C9811-D65F-415E-937D-FDFF44F88993}.Release|Any CPU.ActiveCfg = Release|Any CPU
		{E90C9811-D65F-415E-937D-FDFF44F88993}.Release|Any CPU.Build.0 = Release|Any CPU
		{ADEFD722-CDD7-4B2F-9147-46B21482B3BF}.Debug|Any CPU.ActiveCfg = Debug|Any CPU
		{ADEFD722-CDD7-4B2F-9147-46B21482B3BF}.Debug|Any CPU.Build.0 = Debug|Any CPU
		{ADEFD722-CDD7-4B2F-9147-46B21482B3BF}.Release|Any CPU.ActiveCfg = Release|Any CPU
		{ADEFD722-CDD7-4B2F-9147-46B21482B3BF}.Release|Any CPU.Build.0 = Release|Any CPU
	EndGlobalSection
	GlobalSection(SolutionProperties) = preSolution
		HideSolutionNode = FALSE
	EndGlobalSection
	GlobalSection(NestedProjects) = preSolution
		{14A79F03-79DD-4F5F-B07C-6DECEB1CEF5A} = {4DE2A85D-748D-43B8-AF1D-631B80893DEA}
		{E1D962D5-9BBA-4B31-92C2-4D601FEAD678} = {4DE2A85D-748D-43B8-AF1D-631B80893DEA}
		{E90C9811-D65F-415E-937D-FDFF44F88993} = {4DE2A85D-748D-43B8-AF1D-631B80893DEA}
		{ADEFD722-CDD7-4B2F-9147-46B21482B3BF} = {4DE2A85D-748D-43B8-AF1D-631B80893DEA}
	EndGlobalSection
	GlobalSection(ExtensibilityGlobals) = postSolution
		SolutionGuid = {A853CBFE-612B-4643-8CCA-684EA528A0FC}
	EndGlobalSection
EndGlobal
