
Microsoft Visual Studio Solution File, Format Version 12.00
# Visual Studio Version 17
VisualStudioVersion = 17.5.002.0
MinimumVisualStudioVersion = 10.0.40219.1
Project("{2150E333-8FDC-42A3-9474-1A3956D46DE8}") = "backend", "backend", "{154A345D-8596-4D9B-9E39-1A5D052AC6D8}"
EndProject
Project("{9A19103F-16F7-4668-BE54-9A1E7A4F7556}") = "Diuna.API", "backend\Diuna.API\Diuna.API.csproj", "{EA8D5250-F8B1-45BE-A022-2B745DA2A87E}"
EndProject
Project("{9A19103F-16F7-4668-BE54-9A1E7A4F7556}") = "Diuna.Console", "backend\Diuna.Console\Diuna.Console.csproj", "{03EEE8A3-E263-4C87-992B-81D319EAF51A}"
EndProject
Project("{9A19103F-16F7-4668-BE54-9A1E7A4F7556}") = "Diuna.Models", "backend\Diuna.Models\Diuna.Models.csproj", "{D0AC8633-F5BD-41CC-9A9C-4F5B4F04F7BB}"
EndProject
Project("{9A19103F-16F7-4668-BE54-9A1E7A4F7556}") = "Diuna.Services", "backend\Diuna.Services\Diuna.Services.csproj", "{99211CD8-B08D-4ED7-9205-BF9F685F6069}"
EndProject
Project("{9A19103F-16F7-4668-BE54-9A1E7A4F7556}") = "Diuna.SignalR", "backend\Diuna.SignalR\Diuna.SignalR.csproj", "{F3F6C55E-7E56-4E57-B906-B53F853F5222}"
EndProject
Project("{9A19103F-16F7-4668-BE54-9A1E7A4F7556}") = "DiunaRelayControl", "backend\DiunaRelayControl\DiunaRelayControl.csproj", "{FB053B2C-B7C8-49D7-BB42-8D3C8BA265B3}"
EndProject
Global
	GlobalSection(SolutionConfigurationPlatforms) = preSolution
		Debug|Any CPU = Debug|Any CPU
		Release|Any CPU = Release|Any CPU
	EndGlobalSection
	GlobalSection(ProjectConfigurationPlatforms) = postSolution
		{EA8D5250-F8B1-45BE-A022-2B745DA2A87E}.Debug|Any CPU.ActiveCfg = Debug|Any CPU
		{EA8D5250-F8B1-45BE-A022-2B745DA2A87E}.Debug|Any CPU.Build.0 = Debug|Any CPU
		{EA8D5250-F8B1-45BE-A022-2B745DA2A87E}.Release|Any CPU.ActiveCfg = Release|Any CPU
		{EA8D5250-F8B1-45BE-A022-2B745DA2A87E}.Release|Any CPU.Build.0 = Release|Any CPU
		{03EEE8A3-E263-4C87-992B-81D319EAF51A}.Debug|Any CPU.ActiveCfg = Debug|Any CPU
		{03EEE8A3-E263-4C87-992B-81D319EAF51A}.Debug|Any CPU.Build.0 = Debug|Any CPU
		{03EEE8A3-E263-4C87-992B-81D319EAF51A}.Release|Any CPU.ActiveCfg = Release|Any CPU
		{03EEE8A3-E263-4C87-992B-81D319EAF51A}.Release|Any CPU.Build.0 = Release|Any CPU
		{D0AC8633-F5BD-41CC-9A9C-4F5B4F04F7BB}.Debug|Any CPU.ActiveCfg = Debug|Any CPU
		{D0AC8633-F5BD-41CC-9A9C-4F5B4F04F7BB}.Debug|Any CPU.Build.0 = Debug|Any CPU
		{D0AC8633-F5BD-41CC-9A9C-4F5B4F04F7BB}.Release|Any CPU.ActiveCfg = Release|Any CPU
		{D0AC8633-F5BD-41CC-9A9C-4F5B4F04F7BB}.Release|Any CPU.Build.0 = Release|Any CPU
		{99211CD8-B08D-4ED7-9205-BF9F685F6069}.Debug|Any CPU.ActiveCfg = Debug|Any CPU
		{99211CD8-B08D-4ED7-9205-BF9F685F6069}.Debug|Any CPU.Build.0 = Debug|Any CPU
		{99211CD8-B08D-4ED7-9205-BF9F685F6069}.Release|Any CPU.ActiveCfg = Release|Any CPU
		{99211CD8-B08D-4ED7-9205-BF9F685F6069}.Release|Any CPU.Build.0 = Release|Any CPU
		{F3F6C55E-7E56-4E57-B906-B53F853F5222}.Debug|Any CPU.ActiveCfg = Debug|Any CPU
		{F3F6C55E-7E56-4E57-B906-B53F853F5222}.Debug|Any CPU.Build.0 = Debug|Any CPU
		{F3F6C55E-7E56-4E57-B906-B53F853F5222}.Release|Any CPU.ActiveCfg = Release|Any CPU
		{F3F6C55E-7E56-4E57-B906-B53F853F5222}.Release|Any CPU.Build.0 = Release|Any CPU
		{FB053B2C-B7C8-49D7-BB42-8D3C8BA265B3}.Debug|Any CPU.ActiveCfg = Debug|Any CPU
		{FB053B2C-B7C8-49D7-BB42-8D3C8BA265B3}.Debug|Any CPU.Build.0 = Debug|Any CPU
		{FB053B2C-B7C8-49D7-BB42-8D3C8BA265B3}.Release|Any CPU.ActiveCfg = Release|Any CPU
		{FB053B2C-B7C8-49D7-BB42-8D3C8BA265B3}.Release|Any CPU.Build.0 = Release|Any CPU
	EndGlobalSection
	GlobalSection(SolutionProperties) = preSolution
		HideSolutionNode = FALSE
	EndGlobalSection
	GlobalSection(NestedProjects) = preSolution
		{EA8D5250-F8B1-45BE-A022-2B745DA2A87E} = {154A345D-8596-4D9B-9E39-1A5D052AC6D8}
		{03EEE8A3-E263-4C87-992B-81D319EAF51A} = {154A345D-8596-4D9B-9E39-1A5D052AC6D8}
		{D0AC8633-F5BD-41CC-9A9C-4F5B4F04F7BB} = {154A345D-8596-4D9B-9E39-1A5D052AC6D8}
		{99211CD8-B08D-4ED7-9205-BF9F685F6069} = {154A345D-8596-4D9B-9E39-1A5D052AC6D8}
		{F3F6C55E-7E56-4E57-B906-B53F853F5222} = {154A345D-8596-4D9B-9E39-1A5D052AC6D8}
		{FB053B2C-B7C8-49D7-BB42-8D3C8BA265B3} = {154A345D-8596-4D9B-9E39-1A5D052AC6D8}
	EndGlobalSection
	GlobalSection(ExtensibilityGlobals) = postSolution
		SolutionGuid = {A853CBFE-612B-4643-8CCA-684EA528A0FC}
	EndGlobalSection
EndGlobal
