
Microsoft Visual Studio Solution File, Format Version 12.00
# Visual Studio Version 17
VisualStudioVersion = 17.5.002.0
MinimumVisualStudioVersion = 10.0.40219.1
Project("{2150E333-8FDC-42A3-9474-1A3956D46DE8}") = "backend", "backend", "{475B5857-FE2E-4FA5-AF9A-16F4977E6282}"
EndProject
Project("{9A19103F-16F7-4668-BE54-9A1E7A4F7556}") = "Diuna.API", "backend\Diuna.API\Diuna.API.csproj", "{8643660A-9E73-45E6-A22D-8FE8BDC22CCB}"
EndProject
Project("{9A19103F-16F7-4668-BE54-9A1E7A4F7556}") = "Diuna.Console", "backend\Diuna.Console\Diuna.Console.csproj", "{544355CB-72E8-4ED7-A640-343B791C794B}"
EndProject
Project("{9A19103F-16F7-4668-BE54-9A1E7A4F7556}") = "Diuna.Models", "backend\Diuna.Models\Diuna.Models.csproj", "{35608513-D532-48F7-B4CC-4961BD8E2574}"
EndProject
Project("{9A19103F-16F7-4668-BE54-9A1E7A4F7556}") = "Diuna.Services", "backend\Diuna.Services\Diuna.Services.csproj", "{EF00F62F-CF94-43A4-B8DD-031A1793B28A}"
EndProject
Project("{9A19103F-16F7-4668-BE54-9A1E7A4F7556}") = "Diuna.SignalR", "backend\Diuna.SignalR\Diuna.SignalR.csproj", "{C5552EBB-7BF2-465A-9F10-39939A45504D}"
EndProject
Project("{9A19103F-16F7-4668-BE54-9A1E7A4F7556}") = "DiunaRelayControl", "backend\DiunaRelayControl\DiunaRelayControl.csproj", "{40E49DF5-0311-43CD-B454-B7771F9C36F1}"
EndProject
Global
	GlobalSection(SolutionConfigurationPlatforms) = preSolution
		Debug|Any CPU = Debug|Any CPU
		Release|Any CPU = Release|Any CPU
	EndGlobalSection
	GlobalSection(ProjectConfigurationPlatforms) = postSolution
		{8643660A-9E73-45E6-A22D-8FE8BDC22CCB}.Debug|Any CPU.ActiveCfg = Debug|Any CPU
		{8643660A-9E73-45E6-A22D-8FE8BDC22CCB}.Debug|Any CPU.Build.0 = Debug|Any CPU
		{8643660A-9E73-45E6-A22D-8FE8BDC22CCB}.Release|Any CPU.ActiveCfg = Release|Any CPU
		{8643660A-9E73-45E6-A22D-8FE8BDC22CCB}.Release|Any CPU.Build.0 = Release|Any CPU
		{544355CB-72E8-4ED7-A640-343B791C794B}.Debug|Any CPU.ActiveCfg = Debug|Any CPU
		{544355CB-72E8-4ED7-A640-343B791C794B}.Debug|Any CPU.Build.0 = Debug|Any CPU
		{544355CB-72E8-4ED7-A640-343B791C794B}.Release|Any CPU.ActiveCfg = Release|Any CPU
		{544355CB-72E8-4ED7-A640-343B791C794B}.Release|Any CPU.Build.0 = Release|Any CPU
		{35608513-D532-48F7-B4CC-4961BD8E2574}.Debug|Any CPU.ActiveCfg = Debug|Any CPU
		{35608513-D532-48F7-B4CC-4961BD8E2574}.Debug|Any CPU.Build.0 = Debug|Any CPU
		{35608513-D532-48F7-B4CC-4961BD8E2574}.Release|Any CPU.ActiveCfg = Release|Any CPU
		{35608513-D532-48F7-B4CC-4961BD8E2574}.Release|Any CPU.Build.0 = Release|Any CPU
		{EF00F62F-CF94-43A4-B8DD-031A1793B28A}.Debug|Any CPU.ActiveCfg = Debug|Any CPU
		{EF00F62F-CF94-43A4-B8DD-031A1793B28A}.Debug|Any CPU.Build.0 = Debug|Any CPU
		{EF00F62F-CF94-43A4-B8DD-031A1793B28A}.Release|Any CPU.ActiveCfg = Release|Any CPU
		{EF00F62F-CF94-43A4-B8DD-031A1793B28A}.Release|Any CPU.Build.0 = Release|Any CPU
		{C5552EBB-7BF2-465A-9F10-39939A45504D}.Debug|Any CPU.ActiveCfg = Debug|Any CPU
		{C5552EBB-7BF2-465A-9F10-39939A45504D}.Debug|Any CPU.Build.0 = Debug|Any CPU
		{C5552EBB-7BF2-465A-9F10-39939A45504D}.Release|Any CPU.ActiveCfg = Release|Any CPU
		{C5552EBB-7BF2-465A-9F10-39939A45504D}.Release|Any CPU.Build.0 = Release|Any CPU
		{40E49DF5-0311-43CD-B454-B7771F9C36F1}.Debug|Any CPU.ActiveCfg = Debug|Any CPU
		{40E49DF5-0311-43CD-B454-B7771F9C36F1}.Debug|Any CPU.Build.0 = Debug|Any CPU
		{40E49DF5-0311-43CD-B454-B7771F9C36F1}.Release|Any CPU.ActiveCfg = Release|Any CPU
		{40E49DF5-0311-43CD-B454-B7771F9C36F1}.Release|Any CPU.Build.0 = Release|Any CPU
	EndGlobalSection
	GlobalSection(SolutionProperties) = preSolution
		HideSolutionNode = FALSE
	EndGlobalSection
	GlobalSection(NestedProjects) = preSolution
		{8643660A-9E73-45E6-A22D-8FE8BDC22CCB} = {475B5857-FE2E-4FA5-AF9A-16F4977E6282}
		{544355CB-72E8-4ED7-A640-343B791C794B} = {475B5857-FE2E-4FA5-AF9A-16F4977E6282}
		{35608513-D532-48F7-B4CC-4961BD8E2574} = {475B5857-FE2E-4FA5-AF9A-16F4977E6282}
		{EF00F62F-CF94-43A4-B8DD-031A1793B28A} = {475B5857-FE2E-4FA5-AF9A-16F4977E6282}
		{C5552EBB-7BF2-465A-9F10-39939A45504D} = {475B5857-FE2E-4FA5-AF9A-16F4977E6282}
		{40E49DF5-0311-43CD-B454-B7771F9C36F1} = {475B5857-FE2E-4FA5-AF9A-16F4977E6282}
	EndGlobalSection
	GlobalSection(ExtensibilityGlobals) = postSolution
		SolutionGuid = {A853CBFE-612B-4643-8CCA-684EA528A0FC}
	EndGlobalSection
EndGlobal
